Microsoft Visual Studio Solution File, Format Version 12.00
# Visual Studio Version 17
VisualStudioVersion = 17.5.2.0
MinimumVisualStudioVersion = 10.0.40219.1
Project("{FAE04EC0-301F-11D3-BF4B-00C04F79EFBC}") = "FarmerMarketHub.API", "FarmerMarketHub.API\FarmerMarketHub.API.csproj", "{ADEA1CB3-6861-ED1C-9855-D50F921773C6}"
EndProject
Global
	GlobalSection(SolutionConfigurationPlatforms) = preSolution
		Debug|Any CPU = Debug|Any CPU
		Release|Any CPU = Release|Any CPU
	EndGlobalSection
	GlobalSection(ProjectConfigurationPlatforms) = postSolution
		{ADEA1CB3-6861-ED1C-9855-D50F921773C6}.Debug|Any CPU.ActiveCfg = Debug|Any CPU
		{ADEA1CB3-6861-ED1C-9855-D50F921773C6}.Debug|Any CPU.Build.0 = Debug|Any CPU
		{ADEA1CB3-6861-ED1C-9855-D50F921773C6}.Release|Any CPU.ActiveCfg = Release|Any CPU
		{ADEA1CB3-6861-ED1C-9855-D50F921773C6}.Release|Any CPU.Build.0 = Release|Any CPU
	EndGlobalSection
	GlobalSection(SolutionProperties) = preSolution
		HideSolutionNode = FALSE
	EndGlobalSection
	GlobalSection(ExtensibilityGlobals) = postSolution
		SolutionGuid = {86F85AC9-E41E-4AEE-A0B9-96435FC0C919}
	EndGlobalSection
EndGlobal
